
Microsoft Visual Studio Solution File, Format Version 12.00
# Visual Studio 14
VisualStudioVersion = 14.0.23107.0
MinimumVisualStudioVersion = 10.0.40219.1
Project("{FAE04EC0-301F-11D3-BF4B-00C04F79EFBC}") = "AudioStationRemote", "AudioStationRemote.csproj", "{60EB36BC-44D2-4BC9-B91A-E6A393D0686A}"
EndProject
Global
	GlobalSection(SolutionConfigurationPlatforms) = preSolution
		Debug|Any CPU = Debug|Any CPU
		Release|Any CPU = Release|Any CPU
	EndGlobalSection
	GlobalSection(ProjectConfigurationPlatforms) = postSolution
		{60EB36BC-44D2-4BC9-B91A-E6A393D0686A}.Debug|Any CPU.ActiveCfg = Debug|Any CPU
		{60EB36BC-44D2-4BC9-B91A-E6A393D0686A}.Debug|Any CPU.Build.0 = Debug|Any CPU
		{60EB36BC-44D2-4BC9-B91A-E6A393D0686A}.Release|Any CPU.ActiveCfg = Release|Any CPU
		{60EB36BC-44D2-4BC9-B91A-E6A393D0686A}.Release|Any CPU.Build.0 = Release|Any CPU
	EndGlobalSection
	GlobalSection(SolutionProperties) = preSolution
		HideSolutionNode = FALSE
	EndGlobalSection
EndGlobal
